
Microsoft Visual Studio Solution File, Format Version 12.00
# Visual Studio Version 17
VisualStudioVersion = 17.0.31903.59
MinimumVisualStudioVersion = 10.0.40219.1
Project("{2150E333-8FDC-42A3-9474-1A3956D46DE8}") = "src", "src", "{827E0CD3-B72D-47B6-A68D-7590B98EB39B}"
EndProject
Project("{FAE04EC0-301F-11D3-BF4B-00C04F79EFBC}") = "OilErp.Domain", "src\OilErp.Domain\OilErp.Domain.csproj", "{A46BE981-1121-4A99-BB80-8B593DBB9FC7}"
EndProject
Project("{FAE04EC0-301F-11D3-BF4B-00C04F79EFBC}") = "OilErp.Data", "src\OilErp.Data\OilErp.Data.csproj", "{F21B41D5-D41C-4FC2-BCAC-2B03D0038CDB}"
EndProject
Project("{FAE04EC0-301F-11D3-BF4B-00C04F79EFBC}") = "OilErp.App", "src\OilErp.App\OilErp.App.csproj", "{A29F3024-E195-41AB-A18E-58CF8FEAC075}"
EndProject
Project("{FAE04EC0-301F-11D3-BF4B-00C04F79EFBC}") = "OilErp.Ui", "src\OilErp.Ui\OilErp.Ui.csproj", "{41A631DB-C65D-4C15-B3B6-2A21B2E3BA45}"
EndProject
Project("{FAE04EC0-301F-11D3-BF4B-00C04F79EFBC}") = "OilErp.Tests", "src\OilErp.Tests\OilErp.Tests.csproj", "{FF5F1725-F898-4CEB-9997-100D70F95FFF}"
EndProject
Global
	GlobalSection(SolutionConfigurationPlatforms) = preSolution
		Debug|Any CPU = Debug|Any CPU
		Debug|x64 = Debug|x64
		Debug|x86 = Debug|x86
		Release|Any CPU = Release|Any CPU
		Release|x64 = Release|x64
		Release|x86 = Release|x86
	EndGlobalSection
	GlobalSection(ProjectConfigurationPlatforms) = postSolution
		{A46BE981-1121-4A99-BB80-8B593DBB9FC7}.Debug|Any CPU.ActiveCfg = Debug|Any CPU
		{A46BE981-1121-4A99-BB80-8B593DBB9FC7}.Debug|Any CPU.Build.0 = Debug|Any CPU
		{A46BE981-1121-4A99-BB80-8B593DBB9FC7}.Debug|x64.ActiveCfg = Debug|Any CPU
		{A46BE981-1121-4A99-BB80-8B593DBB9FC7}.Debug|x64.Build.0 = Debug|Any CPU
		{A46BE981-1121-4A99-BB80-8B593DBB9FC7}.Debug|x86.ActiveCfg = Debug|Any CPU
		{A46BE981-1121-4A99-BB80-8B593DBB9FC7}.Debug|x86.Build.0 = Debug|Any CPU
		{A46BE981-1121-4A99-BB80-8B593DBB9FC7}.Release|Any CPU.ActiveCfg = Release|Any CPU
		{A46BE981-1121-4A99-BB80-8B593DBB9FC7}.Release|Any CPU.Build.0 = Release|Any CPU
		{A46BE981-1121-4A99-BB80-8B593DBB9FC7}.Release|x64.ActiveCfg = Release|Any CPU
		{A46BE981-1121-4A99-BB80-8B593DBB9FC7}.Release|x64.Build.0 = Release|Any CPU
		{A46BE981-1121-4A99-BB80-8B593DBB9FC7}.Release|x86.ActiveCfg = Release|Any CPU
		{A46BE981-1121-4A99-BB80-8B593DBB9FC7}.Release|x86.Build.0 = Release|Any CPU
		{F21B41D5-D41C-4FC2-BCAC-2B03D0038CDB}.Debug|Any CPU.ActiveCfg = Debug|Any CPU
		{F21B41D5-D41C-4FC2-BCAC-2B03D0038CDB}.Debug|Any CPU.Build.0 = Debug|Any CPU
		{F21B41D5-D41C-4FC2-BCAC-2B03D0038CDB}.Debug|x64.ActiveCfg = Debug|Any CPU
		{F21B41D5-D41C-4FC2-BCAC-2B03D0038CDB}.Debug|x64.Build.0 = Debug|Any CPU
		{F21B41D5-D41C-4FC2-BCAC-2B03D0038CDB}.Debug|x86.ActiveCfg = Debug|Any CPU
		{F21B41D5-D41C-4FC2-BCAC-2B03D0038CDB}.Debug|x86.Build.0 = Debug|Any CPU
		{F21B41D5-D41C-4FC2-BCAC-2B03D0038CDB}.Release|Any CPU.ActiveCfg = Release|Any CPU
		{F21B41D5-D41C-4FC2-BCAC-2B03D0038CDB}.Release|Any CPU.Build.0 = Release|Any CPU
		{F21B41D5-D41C-4FC2-BCAC-2B03D0038CDB}.Release|x64.ActiveCfg = Release|Any CPU
		{F21B41D5-D41C-4FC2-BCAC-2B03D0038CDB}.Release|x64.Build.0 = Release|Any CPU
		{F21B41D5-D41C-4FC2-BCAC-2B03D0038CDB}.Release|x86.ActiveCfg = Release|Any CPU
		{F21B41D5-D41C-4FC2-BCAC-2B03D0038CDB}.Release|x86.Build.0 = Release|Any CPU
		{A29F3024-E195-41AB-A18E-58CF8FEAC075}.Debug|Any CPU.ActiveCfg = Debug|Any CPU
		{A29F3024-E195-41AB-A18E-58CF8FEAC075}.Debug|Any CPU.Build.0 = Debug|Any CPU
		{A29F3024-E195-41AB-A18E-58CF8FEAC075}.Debug|x64.ActiveCfg = Debug|Any CPU
		{A29F3024-E195-41AB-A18E-58CF8FEAC075}.Debug|x64.Build.0 = Debug|Any CPU
		{A29F3024-E195-41AB-A18E-58CF8FEAC075}.Debug|x86.ActiveCfg = Debug|Any CPU
		{A29F3024-E195-41AB-A18E-58CF8FEAC075}.Debug|x86.Build.0 = Debug|Any CPU
		{A29F3024-E195-41AB-A18E-58CF8FEAC075}.Release|Any CPU.ActiveCfg = Release|Any CPU
		{A29F3024-E195-41AB-A18E-58CF8FEAC075}.Release|Any CPU.Build.0 = Release|Any CPU
		{A29F3024-E195-41AB-A18E-58CF8FEAC075}.Release|x64.ActiveCfg = Release|Any CPU
		{A29F3024-E195-41AB-A18E-58CF8FEAC075}.Release|x64.Build.0 = Release|Any CPU
		{A29F3024-E195-41AB-A18E-58CF8FEAC075}.Release|x86.ActiveCfg = Release|Any CPU
		{A29F3024-E195-41AB-A18E-58CF8FEAC075}.Release|x86.Build.0 = Release|Any CPU
		{41A631DB-C65D-4C15-B3B6-2A21B2E3BA45}.Debug|Any CPU.ActiveCfg = Debug|Any CPU
		{41A631DB-C65D-4C15-B3B6-2A21B2E3BA45}.Debug|Any CPU.Build.0 = Debug|Any CPU
		{41A631DB-C65D-4C15-B3B6-2A21B2E3BA45}.Debug|x64.ActiveCfg = Debug|Any CPU
		{41A631DB-C65D-4C15-B3B6-2A21B2E3BA45}.Debug|x64.Build.0 = Debug|Any CPU
		{41A631DB-C65D-4C15-B3B6-2A21B2E3BA45}.Debug|x86.ActiveCfg = Debug|Any CPU
		{41A631DB-C65D-4C15-B3B6-2A21B2E3BA45}.Debug|x86.Build.0 = Debug|Any CPU
		{41A631DB-C65D-4C15-B3B6-2A21B2E3BA45}.Release|Any CPU.ActiveCfg = Release|Any CPU
		{41A631DB-C65D-4C15-B3B6-2A21B2E3BA45}.Release|Any CPU.Build.0 = Release|Any CPU
		{41A631DB-C65D-4C15-B3B6-2A21B2E3BA45}.Release|x64.ActiveCfg = Release|Any CPU
		{41A631DB-C65D-4C15-B3B6-2A21B2E3BA45}.Release|x64.Build.0 = Release|Any CPU
		{41A631DB-C65D-4C15-B3B6-2A21B2E3BA45}.Release|x86.ActiveCfg = Release|Any CPU
		{41A631DB-C65D-4C15-B3B6-2A21B2E3BA45}.Release|x86.Build.0 = Release|Any CPU
		{FF5F1725-F898-4CEB-9997-100D70F95FFF}.Debug|Any CPU.ActiveCfg = Debug|Any CPU
		{FF5F1725-F898-4CEB-9997-100D70F95FFF}.Debug|Any CPU.Build.0 = Debug|Any CPU
		{FF5F1725-F898-4CEB-9997-100D70F95FFF}.Debug|x64.ActiveCfg = Debug|Any CPU
		{FF5F1725-F898-4CEB-9997-100D70F95FFF}.Debug|x64.Build.0 = Debug|Any CPU
		{FF5F1725-F898-4CEB-9997-100D70F95FFF}.Debug|x86.ActiveCfg = Debug|Any CPU
		{FF5F1725-F898-4CEB-9997-100D70F95FFF}.Debug|x86.Build.0 = Debug|Any CPU
		{FF5F1725-F898-4CEB-9997-100D70F95FFF}.Release|Any CPU.ActiveCfg = Release|Any CPU
		{FF5F1725-F898-4CEB-9997-100D70F95FFF}.Release|Any CPU.Build.0 = Release|Any CPU
		{FF5F1725-F898-4CEB-9997-100D70F95FFF}.Release|x64.ActiveCfg = Release|Any CPU
		{FF5F1725-F898-4CEB-9997-100D70F95FFF}.Release|x64.Build.0 = Release|Any CPU
		{FF5F1725-F898-4CEB-9997-100D70F95FFF}.Release|x86.ActiveCfg = Release|Any CPU
		{FF5F1725-F898-4CEB-9997-100D70F95FFF}.Release|x86.Build.0 = Release|Any CPU
	EndGlobalSection
	GlobalSection(SolutionProperties) = preSolution
		HideSolutionNode = FALSE
	EndGlobalSection
	GlobalSection(NestedProjects) = preSolution
		{A46BE981-1121-4A99-BB80-8B593DBB9FC7} = {827E0CD3-B72D-47B6-A68D-7590B98EB39B}
		{F21B41D5-D41C-4FC2-BCAC-2B03D0038CDB} = {827E0CD3-B72D-47B6-A68D-7590B98EB39B}
		{A29F3024-E195-41AB-A18E-58CF8FEAC075} = {827E0CD3-B72D-47B6-A68D-7590B98EB39B}
		{41A631DB-C65D-4C15-B3B6-2A21B2E3BA45} = {827E0CD3-B72D-47B6-A68D-7590B98EB39B}
		{FF5F1725-F898-4CEB-9997-100D70F95FFF} = {827E0CD3-B72D-47B6-A68D-7590B98EB39B}
	EndGlobalSection
EndGlobal
